
Microsoft Visual Studio Solution File, Format Version 12.00
# Visual Studio Version 17
VisualStudioVersion = 17.1.32328.378
MinimumVisualStudioVersion = 10.0.40219.1
Project("{FAE04EC0-301F-11D3-BF4B-00C04F79EFBC}") = "FirstProject", "FirstProject\FirstProject.csproj", "{11C0514E-8D7A-4181-A31E-C8B470942DEB}"
EndProject
Global
	GlobalSection(SolutionConfigurationPlatforms) = preSolution
		Debug|Any CPU = Debug|Any CPU
		Release|Any CPU = Release|Any CPU
	EndGlobalSection
	GlobalSection(ProjectConfigurationPlatforms) = postSolution
		{11C0514E-8D7A-4181-A31E-C8B470942DEB}.Debug|Any CPU.ActiveCfg = Debug|Any CPU
		{11C0514E-8D7A-4181-A31E-C8B470942DEB}.Debug|Any CPU.Build.0 = Debug|Any CPU
		{11C0514E-8D7A-4181-A31E-C8B470942DEB}.Release|Any CPU.ActiveCfg = Release|Any CPU
		{11C0514E-8D7A-4181-A31E-C8B470942DEB}.Release|Any CPU.Build.0 = Release|Any CPU
	EndGlobalSection
	GlobalSection(SolutionProperties) = preSolution
		HideSolutionNode = FALSE
	EndGlobalSection
	GlobalSection(ExtensibilityGlobals) = postSolution
		SolutionGuid = {4190B092-CDC0-48CB-9F3E-1A93F781D88F}
	EndGlobalSection
EndGlobal
